# THIS IS AN AUTOGENERATED FILE. DO NOT EDIT THIS FILE DIRECTLY.
# yarn lockfile v1


"@babel/runtime@^7.23.6":
  version "7.28.4"
  resolved "https://registry.yarnpkg.com/@babel/runtime/-/runtime-7.28.4.tgz#a70226016fabe25c5783b2f22d3e1c9bc5ca3326"
  integrity sha512-Q/N6JNWvIvPnLDvjlE1OUBLPQHH6l3CltCEsHIujp45zQUSSh8K+gHnaEX45yAT1nyngnINhvWtzN+Nb9D8RAQ==

"@bufbuild/protobuf@2.7.0", "@bufbuild/protobuf@^2.4.0":
  version "2.7.0"
  resolved "https://registry.yarnpkg.com/@bufbuild/protobuf/-/protobuf-2.7.0.tgz#8944a4575abdc222839f93e90c861a67f1981787"
  integrity sha512-qn6tAIZEw5i/wiESBF4nQxZkl86aY4KoO0IkUa2Lh+rya64oTOdJQFlZuMwI1Qz9VBJQrQC4QlSA2DNek5gCOA==

"@bufbuild/protoplugin@^2.4.0":
  version "2.7.0"
  resolved "https://registry.yarnpkg.com/@bufbuild/protoplugin/-/protoplugin-2.7.0.tgz#52163a127fa87fcaa95e0109c34dcd17c73100c1"
  integrity sha512-yUdg8hXzFGR6K8ren7aXly2hT9BxClId814VB142YeZPatY0wqD3c0D8KfIz5nIeMdoPt0/Pm/RycFJCNGMD6w==
  dependencies:
    "@bufbuild/protobuf" "2.7.0"
    "@typescript/vfs" "^1.5.2"
    typescript "5.4.5"

"@oozcitak/dom@1.15.10":
  version "1.15.10"
  resolved "https://registry.yarnpkg.com/@oozcitak/dom/-/dom-1.15.10.tgz#dca7289f2b292cff2a901ea4fbbcc0a1ab0b05c2"
  integrity sha512-0JT29/LaxVgRcGKvHmSrUTEvZ8BXvZhGl2LASRUgHqDTC1M5g1pLmVv56IYNyt3bG2CUjDkc67wnyZC14pbQrQ==
  dependencies:
    "@oozcitak/infra" "1.0.8"
    "@oozcitak/url" "1.0.4"
    "@oozcitak/util" "8.3.8"

"@oozcitak/infra@1.0.8":
  version "1.0.8"
  resolved "https://registry.yarnpkg.com/@oozcitak/infra/-/infra-1.0.8.tgz#b0b089421f7d0f6878687608301fbaba837a7d17"
  integrity sha512-JRAUc9VR6IGHOL7OGF+yrvs0LO8SlqGnPAMqyzOuFZPSZSXI7Xf2O9+awQPSMXgIWGtgUf/dA6Hs6X6ySEaWTg==
  dependencies:
    "@oozcitak/util" "8.3.8"

"@oozcitak/url@1.0.4":
  version "1.0.4"
  resolved "https://registry.yarnpkg.com/@oozcitak/url/-/url-1.0.4.tgz#ca8b1c876319cf5a648dfa1123600a6aa5cda6ba"
  integrity sha512-kDcD8y+y3FCSOvnBI6HJgl00viO/nGbQoCINmQ0h98OhnGITrWR3bOGfwYCthgcrV8AnTJz8MzslTQbC3SOAmw==
  dependencies:
    "@oozcitak/infra" "1.0.8"
    "@oozcitak/util" "8.3.8"

"@oozcitak/util@8.3.8":
  version "8.3.8"
  resolved "https://registry.yarnpkg.com/@oozcitak/util/-/util-8.3.8.tgz#10f65fe1891fd8cde4957360835e78fd1936bfdd"
  integrity sha512-T8TbSnGsxo6TDBJx/Sgv/BlVJL3tshxZP7Aq5R1mSnM5OcHY2dQaxLMu2+E8u3gN0MLOzdjurqN4ZRVuzQycOQ==

"@protobuf-ts/plugin@^2.11.1":
  version "2.11.1"
  resolved "https://registry.yarnpkg.com/@protobuf-ts/plugin/-/plugin-2.11.1.tgz#c819ff9aca102209d2096414b3d2240dd240cbdb"
  integrity sha512-HyuprDcw0bEEJqkOWe1rnXUP0gwYLij8YhPuZyZk6cJbIgc/Q0IFgoHQxOXNIXAcXM4Sbehh6kjVnCzasElw1A==
  dependencies:
    "@bufbuild/protobuf" "^2.4.0"
    "@bufbuild/protoplugin" "^2.4.0"
    "@protobuf-ts/protoc" "^2.11.1"
    "@protobuf-ts/runtime" "^2.11.1"
    "@protobuf-ts/runtime-rpc" "^2.11.1"
    typescript "^3.9"

"@protobuf-ts/protoc@^2.11.1":
  version "2.11.1"
  resolved "https://registry.yarnpkg.com/@protobuf-ts/protoc/-/protoc-2.11.1.tgz#5ae86a777cacdc58ddc7e38ee107a74342a86e30"
  integrity sha512-mUZJaV0daGO6HUX90o/atzQ6A7bbN2RSuHtdwo8SSF2Qoe3zHwa4IHyCN1evftTeHfLmdz+45qo47sL+5P8nyg==

"@protobuf-ts/runtime-rpc@^2.11.1":
  version "2.11.1"
  resolved "https://registry.yarnpkg.com/@protobuf-ts/runtime-rpc/-/runtime-rpc-2.11.1.tgz#a6eb2f384bceae8d23a01d0b0e37faf0af36c179"
  integrity sha512-4CqqUmNA+/uMz00+d3CYKgElXO9VrEbucjnBFEjqI4GuDrEQ32MaI3q+9qPBvIGOlL4PmHXrzM32vBPWRhQKWQ==
  dependencies:
    "@protobuf-ts/runtime" "^2.11.1"

"@protobuf-ts/runtime@^2.11.1":
  version "2.11.1"
  resolved "https://registry.yarnpkg.com/@protobuf-ts/runtime/-/runtime-2.11.1.tgz#ee2bf2fac6e2d8deac0ca63471a77481548e5553"
  integrity sha512-KuDaT1IfHkugM2pyz+FwiY80ejWrkH1pAtOBOZFuR6SXEFTsnb/jiQWQ1rCIrcKx2BtyxnxW6BWwsVSA/Ie+WQ==

"@typescript/vfs@^1.5.2":
  version "1.6.1"
  resolved "https://registry.yarnpkg.com/@typescript/vfs/-/vfs-1.6.1.tgz#fe7087d5a43715754f7ea9bf6e0b905176c9eebd"
  integrity sha512-JwoxboBh7Oz1v38tPbkrZ62ZXNHAk9bJ7c9x0eI5zBfBnBYGhURdbnh7Z4smN/MV48Y5OCcZb58n972UtbazsA==
  dependencies:
    debug "^4.1.1"

argparse@^1.0.7:
  version "1.0.10"
  resolved "https://registry.yarnpkg.com/argparse/-/argparse-1.0.10.tgz#bcd6791ea5ae09725e17e5ad988134cd40b3d911"
  integrity sha512-o5Roy6tNG4SL/FOkCAN6RzjiakZS25RLYFrcMttJqbdd8BWrnA+fGz57iN5Pb06pvBGvl5gQ0B48dJlslXvoTg==
  dependencies:
    sprintf-js "~1.0.2"

debug@^4.1.1:
  version "4.4.1"
  resolved "https://registry.yarnpkg.com/debug/-/debug-4.4.1.tgz#e5a8bc6cbc4c6cd3e64308b0693a3d4fa550189b"
  integrity sha512-KcKCqiftBJcZr++7ykoDIEwSa3XWowTfNPo92BYxjXiyYEVrUQh2aLyhxBCwww+heortUFxEJYcRzosstTEBYQ==
  dependencies:
    ms "^2.1.3"

esprima@^4.0.0:
  version "4.0.1"
  resolved "https://registry.yarnpkg.com/esprima/-/esprima-4.0.1.tgz#13b04cdb3e6c5d19df91ab6987a8695619b0aa71"
  integrity sha512-eGuFFw7Upda+g4p+QHvnW0RyTX/SVeJBDM/gCtMARO0cLuT2HcEKnTPvhjV6aGeqrCB/sbNop0Kszm0jsaWU4A==

gpx-builder@^5.6.0:
  version "5.6.0"
  resolved "https://registry.yarnpkg.com/gpx-builder/-/gpx-builder-5.6.0.tgz#1e561b1d4eedc968f2cb03922cc21fd7515b285d"
  integrity sha512-KLsYZsWk5MbQAXOi4L3jFP58Lyu4feU0ewuB4eXxmE6AIGnb/nurDsf8wr2+EyQY1ju4PoG2p7mhrAtrMGyntQ==
  dependencies:
    "@babel/runtime" "^7.23.6"
    xmlbuilder2 "^3.1.1"

js-yaml@3.14.1:
  version "3.14.1"
  resolved "https://registry.yarnpkg.com/js-yaml/-/js-yaml-3.14.1.tgz#dae812fdb3825fa306609a8717383c50c36a0537"
  integrity sha512-okMH7OXXJ7YrN9Ok3/SXrnu4iX9yOk+25nqX4imS2npuvTYDmo/QEZoqwZkYaIDk3jVvBOTOIEgEhaLOynBS9g==
  dependencies:
    argparse "^1.0.7"
    esprima "^4.0.0"

ms@^2.1.3:
  version "2.1.3"
  resolved "https://registry.yarnpkg.com/ms/-/ms-2.1.3.tgz#574c8138ce1d2b5861f0b44579dbadd60c6615b2"
  integrity sha512-6FlzubTLZG3J2a/NVCAleEhjzq5oxgHyaCU9yYXvcLsvoVaHJq/s5xXI6/XXP6tz7R9xAOtHnSO/tXtF3WRTlA==

protoc@^32.0.0:
  version "32.0.0"
  resolved "https://registry.yarnpkg.com/protoc/-/protoc-32.0.0.tgz#b5cf6fafe810b49298cd2717c3663b5b5b3e0e22"
  integrity sha512-KO7CjsK2glsz9hIaUN8zpRkXU25TkZ1girwFWmcQIGA5x0Y1PF+YBXMa67Nc4gtyUWSMHQgH9WOvgCs7119SUA==

sprintf-js@~1.0.2:
  version "1.0.3"
  resolved "https://registry.yarnpkg.com/sprintf-js/-/sprintf-js-1.0.3.tgz#04e6926f662895354f3dd015203633b857297e2c"
  integrity sha512-D9cPgkvLlV3t3IzL0D0YLvGA9Ahk4PcvVwUbN0dSGr1aP0Nrt4AEnTUbuGvquEC0mA64Gqt1fzirlRs5ibXx8g==

typescript@5.4.5:
  version "5.4.5"
  resolved "https://registry.yarnpkg.com/typescript/-/typescript-5.4.5.tgz#42ccef2c571fdbd0f6718b1d1f5e6e5ef006f611"
  integrity sha512-vcI4UpRgg81oIRUFwR0WSIHKt11nJ7SAVlYNIu+QpqeyXP+gpQJy/Z4+F0aGxSE4MqwjyXvW/TzgkLAx2AGHwQ==

typescript@^3.9:
  version "3.9.10"
  resolved "https://registry.yarnpkg.com/typescript/-/typescript-3.9.10.tgz#70f3910ac7a51ed6bef79da7800690b19bf778b8"
  integrity sha512-w6fIxVE/H1PkLKcCPsFqKE7Kv7QUwhU8qQY2MueZXWx5cPZdwFupLgKK3vntcK98BtNHZtAF4LA/yl2a7k8R6Q==

xmlbuilder2@^3.1.1:
  version "3.1.1"
  resolved "https://registry.yarnpkg.com/xmlbuilder2/-/xmlbuilder2-3.1.1.tgz#b977ef8a6fb27a1ea7ffa7d850d2c007ff343bc0"
  integrity sha512-WCSfbfZnQDdLQLiMdGUQpMxxckeQ4oZNMNhLVkcekTu7xhD4tuUDyAPoY8CwXvBYE6LwBHd6QW2WZXlOWr1vCw==
  dependencies:
    "@oozcitak/dom" "1.15.10"
    "@oozcitak/infra" "1.0.8"
    "@oozcitak/util" "8.3.8"
    js-yaml "3.14.1"
